
Microsoft Visual Studio Solution File, Format Version 12.00
# Visual Studio Version 17
VisualStudioVersion = 17.9.34607.119
MinimumVisualStudioVersion = 10.0.40219.1
Project("{9A19103F-16F7-4668-BE54-9A1E7A4F7556}") = "MailingService", "MailingService.csproj", "{9DF205C3-3FC9-477A-9CC9-B5B92D925706}"
EndProject
Global
	GlobalSection(SolutionConfigurationPlatforms) = preSolution
		Debug|Any CPU = Debug|Any CPU
		Release|Any CPU = Release|Any CPU
	EndGlobalSection
	GlobalSection(ProjectConfigurationPlatforms) = postSolution
		{9DF205C3-3FC9-477A-9CC9-B5B92D925706}.Debug|Any CPU.ActiveCfg = Debug|Any CPU
		{9DF205C3-3FC9-477A-9CC9-B5B92D925706}.Debug|Any CPU.Build.0 = Debug|Any CPU
		{9DF205C3-3FC9-477A-9CC9-B5B92D925706}.Release|Any CPU.ActiveCfg = Release|Any CPU
		{9DF205C3-3FC9-477A-9CC9-B5B92D925706}.Release|Any CPU.Build.0 = Release|Any CPU
	EndGlobalSection
	GlobalSection(SolutionProperties) = preSolution
		HideSolutionNode = FALSE
	EndGlobalSection
	GlobalSection(ExtensibilityGlobals) = postSolution
		SolutionGuid = {50EB5FFB-116D-4B72-95E1-120E00213996}
	EndGlobalSection
EndGlobal
